
Microsoft Visual Studio Solution File, Format Version 12.00
# Visual Studio Version 17
VisualStudioVersion = 17.9.34714.143
MinimumVisualStudioVersion = 10.0.40219.1
Project("{FAE04EC0-301F-11D3-BF4B-00C04F79EFBC}") = "AfpCompanyApi", "AfpCompanyApi\AfpCompanyApi.csproj", "{99EB81CA-74C8-4C47-8424-6A99F4C6C356}"
EndProject
Global
	GlobalSection(SolutionConfigurationPlatforms) = preSolution
		Debug|Any CPU = Debug|Any CPU
		Release|Any CPU = Release|Any CPU
	EndGlobalSection
	GlobalSection(ProjectConfigurationPlatforms) = postSolution
		{99EB81CA-74C8-4C47-8424-6A99F4C6C356}.Debug|Any CPU.ActiveCfg = Debug|Any CPU
		{99EB81CA-74C8-4C47-8424-6A99F4C6C356}.Debug|Any CPU.Build.0 = Debug|Any CPU
		{99EB81CA-74C8-4C47-8424-6A99F4C6C356}.Release|Any CPU.ActiveCfg = Release|Any CPU
		{99EB81CA-74C8-4C47-8424-6A99F4C6C356}.Release|Any CPU.Build.0 = Release|Any CPU
	EndGlobalSection
	GlobalSection(SolutionProperties) = preSolution
		HideSolutionNode = FALSE
	EndGlobalSection
	GlobalSection(ExtensibilityGlobals) = postSolution
		SolutionGuid = {26C660D7-47C1-4005-B25F-50194B1E156C}
	EndGlobalSection
EndGlobal
